// !$*UTF8*$!
{
	archiveVersion = 1;
	classes = {
	};
	objectVersion = 46;
	objects = {

/* Begin PBXBuildFile section */
		3D80F8811D64C8CA00E1E8E6 /* TableViewCell.m in Sources */ = {isa = PBXBuildFile; fileRef = 3D80F87F1D64C8CA00E1E8E6 /* TableViewCell.m */; };
		3D80F8821D64C8CA00E1E8E6 /* TableViewCell.xib in Resources */ = {isa = PBXBuildFile; fileRef = 3D80F8801D64C8CA00E1E8E6 /* TableViewCell.xib */; };
		3DDB395F1D64A53900909CD6 /* main.m in Sources */ = {isa = PBXBuildFile; fileRef = 3DDB395E1D64A53900909CD6 /* main.m */; };
		3DDB39621D64A53900909CD6 /* AppDelegate.m in Sources */ = {isa = PBXBuildFile; fileRef = 3DDB39611D64A53900909CD6 /* AppDelegate.m */; };
		3DDB39651D64A53900909CD6 /* ViewController.m in Sources */ = {isa = PBXBuildFile; fileRef = 3DDB39641D64A53900909CD6 /* ViewController.m */; };
		3DDB39681D64A53900909CD6 /* Main.storyboard in Resources */ = {isa = PBXBuildFile; fileRef = 3DDB39661D64A53900909CD6 /* Main.storyboard */; };
		3DDB396A1D64A53900909CD6 /* Assets.xcassets in Resources */ = {isa = PBXBuildFile; fileRef = 3DDB39691D64A53900909CD6 /* Assets.xcassets */; };
		3DDB396D1D64A53900909CD6 /* LaunchScreen.storyboard in Resources */ = {isa = PBXBuildFile; fileRef = 3DDB396B1D64A53900909CD6 /* LaunchScreen.storyboard */; };
		3DDB39781D64A53900909CD6 /* PruchaseCarAnimationTests.m in Sources */ = {isa = PBXBuildFile; fileRef = 3DDB39771D64A53900909CD6 /* PruchaseCarAnimationTests.m */; };
		3DDB39841D64A7F900909CD6 /* PurchaseCarAnimationTool.m in Sources */ = {isa = PBXBuildFile; fileRef = 3DDB39831D64A7F900909CD6 /* PurchaseCarAnimationTool.m */; };
/* End PBXBuildFile section */

/* Begin PBXContainerItemProxy section */
		3DDB39741D64A53900909CD6 /* PBXContainerItemProxy */ = {
			isa = PBXContainerItemProxy;
			containerPortal = 3DDB39521D64A53900909CD6 /* Project object */;
			proxyType = 1;
			remoteGlobalIDString = 3DDB39591D64A53900909CD6;
			remoteInfo = PruchaseCarAnimation;
		};
/* End PBXContainerItemProxy section */

/* Begin PBXFileReference section */
		3D80F87E1D64C8CA00E1E8E6 /* TableViewCell.h */ = {isa = PBXFileReference; fileEncoding = 4; lastKnownFileType = sourcecode.c.h; path = TableViewCell.h; sourceTree = "<group>"; };
		3D80F87F1D64C8CA00E1E8E6 /* TableViewCell.m */ = {isa = PBXFileReference; fileEncoding = 4; lastKnownFileType = sourcecode.c.objc; path = TableViewCell.m; sourceTree = "<group>"; };
		3D80F8801D64C8CA00E1E8E6 /* TableViewCell.xib */ = {isa = PBXFileReference; fileEncoding = 4; lastKnownFileType = file.xib; path = TableViewCell.xib; sourceTree = "<group>"; };
		3DDB395A1D64A53900909CD6 /* PruchaseCarAnimation.app */ = {isa = PBXFileReference; explicitFileType = wrapper.application; includeInIndex = 0; path = PruchaseCarAnimation.app; sourceTree = BUILT_PRODUCTS_DIR; };
		3DDB395E1D64A53900909CD6 /* main.m */ = {isa = PBXFileReference; lastKnownFileType = sourcecode.c.objc; path = main.m; sourceTree = "<group>"; };
		3DDB39601D64A53900909CD6 /* AppDelegate.h */ = {isa = PBXFileReference; lastKnownFileType = sourcecode.c.h; path = AppDelegate.h; sourceTree = "<group>"; };
		3DDB39611D64A53900909CD6 /* AppDelegate.m */ = {isa = PBXFileReference; lastKnownFileType = sourcecode.c.objc; path = AppDelegate.m; sourceTree = "<group>"; };
		3DDB39631D64A53900909CD6 /* ViewController.h */ = {isa = PBXFileReference; lastKnownFileType = sourcecode.c.h; path = ViewController.h; sourceTree = "<group>"; };
		3DDB39641D64A53900909CD6 /* ViewController.m */ = {isa = PBXFileReference; lastKnownFileType = sourcecode.c.objc; path = ViewController.m; sourceTree = "<group>"; };
		3DDB39671D64A53900909CD6 /* Base */ = {isa = PBXFileReference; lastKnownFileType = file.storyboard; name = Base; path = Base.lproj/Main.storyboard; sourceTree = "<group>"; };
		3DDB39691D64A53900909CD6 /* Assets.xcassets */ = {isa = PBXFileReference; lastKnownFileType = folder.assetcatalog; path = Assets.xcassets; sourceTree = "<group>"; };
		3DDB396C1D64A53900909CD6 /* Base */ = {isa = PBXFileReference; lastKnownFileType = file.storyboard; name = Base; path = Base.lproj/LaunchScreen.storyboard; sourceTree = "<group>"; };
		3DDB396E1D64A53900909CD6 /* Info.plist */ = {isa = PBXFileReference; lastKnownFileType = text.plist.xml; path = Info.plist; sourceTree = "<group>"; };
		3DDB39731D64A53900909CD6 /* PruchaseCarAnimationTests.xctest */ = {isa = PBXFileReference; explicitFileType = wrapper.cfbundle; includeInIndex = 0; path = PruchaseCarAnimationTests.xctest; sourceTree = BUILT_PRODUCTS_DIR; };
		3DDB39771D64A53900909CD6 /* PruchaseCarAnimationTests.m */ = {isa = PBXFileReference; lastKnownFileType = sourcecode.c.objc; path = PruchaseCarAnimationTests.m; sourceTree = "<group>"; };
		3DDB39791D64A53900909CD6 /* Info.plist */ = {isa = PBXFileReference; lastKnownFileType = text.plist.xml; path = Info.plist; sourceTree = "<group>"; };
		3DDB39821D64A7F900909CD6 /* PurchaseCarAnimationTool.h */ = {isa = PBXFileReference; fileEncoding = 4; lastKnownFileType = sourcecode.c.h; path = PurchaseCarAnimationTool.h; sourceTree = "<group>"; };
		3DDB39831D64A7F900909CD6 /* PurchaseCarAnimationTool.m */ = {isa = PBXFileReference; fileEncoding = 4; lastKnownFileType = sourcecode.c.objc; path = PurchaseCarAnimationTool.m; sourceTree = "<group>"; };
/* End PBXFileReference section */

/* Begin PBXFrameworksBuildPhase section */
		3DDB39571D64A53900909CD6 /* Frameworks */ = {
			isa = PBXFrameworksBuildPhase;
			buildActionMask = 2147483647;
			files = (
			);
			runOnlyForDeploymentPostprocessing = 0;
		};
		3DDB39701D64A53900909CD6 /* Frameworks */ = {
			isa = PBXFrameworksBuildPhase;
			buildActionMask = 2147483647;
			files = (
			);
			runOnlyForDeploymentPostprocessing = 0;
		};
/* End PBXFrameworksBuildPhase section */

/* Begin PBXGroup section */
		3DDB39511D64A53900909CD6 = {
			isa = PBXGroup;
			children = (
				3DDB395C1D64A53900909CD6 /* PruchaseCarAnimation */,
				3DDB39761D64A53900909CD6 /* PruchaseCarAnimationTests */,
				3DDB395B1D64A53900909CD6 /* Products */,
			);
			sourceTree = "<group>";
		};
		3DDB395B1D64A53900909CD6 /* Products */ = {
			isa = PBXGroup;
			children = (
				3DDB395A1D64A53900909CD6 /* PruchaseCarAnimation.app */,
				3DDB39731D64A53900909CD6 /* PruchaseCarAnimationTests.xctest */,
			);
			name = Products;
			sourceTree = "<group>";
		};
		3DDB395C1D64A53900909CD6 /* PruchaseCarAnimation */ = {
			isa = PBXGroup;
			children = (
				3DDB39601D64A53900909CD6 /* AppDelegate.h */,
				3DDB39611D64A53900909CD6 /* AppDelegate.m */,
				3DDB39631D64A53900909CD6 /* ViewController.h */,
				3DDB39641D64A53900909CD6 /* ViewController.m */,
				3D80F87E1D64C8CA00E1E8E6 /* TableViewCell.h */,
				3D80F87F1D64C8CA00E1E8E6 /* TableViewCell.m */,
				3D80F8801D64C8CA00E1E8E6 /* TableViewCell.xib */,
				3DDB39661D64A53900909CD6 /* Main.storyboard */,
				3DDB39691D64A53900909CD6 /* Assets.xcassets */,
				3DDB396B1D64A53900909CD6 /* LaunchScreen.storyboard */,
				3DDB396E1D64A53900909CD6 /* Info.plist */,
				3DDB395D1D64A53900909CD6 /* Supporting Files */,
				3DDB39821D64A7F900909CD6 /* PurchaseCarAnimationTool.h */,
				3DDB39831D64A7F900909CD6 /* PurchaseCarAnimationTool.m */,
			);
			path = PruchaseCarAnimation;
			sourceTree = "<group>";
		};
		3DDB395D1D64A53900909CD6 /* Supporting Files */ = {
			isa = PBXGroup;
			children = (
				3DDB395E1D64A53900909CD6 /* main.m */,
			);
			name = "Supporting Files";
			sourceTree = "<group>";
		};
		3DDB39761D64A53900909CD6 /* PruchaseCarAnimationTests */ = {
			isa = PBXGroup;
			children = (
				3DDB39771D64A53900909CD6 /* PruchaseCarAnimationTests.m */,
				3DDB39791D64A53900909CD6 /* Info.plist */,
			);
			path = PruchaseCarAnimationTests;
			sourceTree = "<group>";
		};
/* End PBXGroup section */

/* Begin PBXNativeTarget section */
		3DDB39591D64A53900909CD6 /* PruchaseCarAnimation */ = {
			isa = PBXNativeTarget;
			buildConfigurationList = 3DDB397C1D64A53900909CD6 /* Build configuration list for PBXNativeTarget "PruchaseCarAnimation" */;
			buildPhases = (
				3DDB39561D64A53900909CD6 /* Sources */,
				3DDB39571D64A53900909CD6 /* Frameworks */,
				3DDB39581D64A53900909CD6 /* Resources */,
			);
			buildRules = (
			);
			dependencies = (
			);
			name = PruchaseCarAnimation;
			productName = PruchaseCarAnimation;
			productReference = 3DDB395A1D64A53900909CD6 /* PruchaseCarAnimation.app */;
			productType = "com.apple.product-type.application";
		};
		3DDB39721D64A53900909CD6 /* PruchaseCarAnimationTests */ = {
			isa = PBXNativeTarget;
			buildConfigurationList = 3DDB397F1D64A53900909CD6 /* Build configuration list for PBXNativeTarget "PruchaseCarAnimationTests" */;
			buildPhases = (
				3DDB396F1D64A53900909CD6 /* Sources */,
				3DDB39701D64A53900909CD6 /* Frameworks */,
				3DDB39711D64A53900909CD6 /* Resources */,
			);
			buildRules = (
			);
			dependencies = (
				3DDB39751D64A53900909CD6 /* PBXTargetDependency */,
			);
			name = PruchaseCarAnimationTests;
			productName = PruchaseCarAnimationTests;
			productReference = 3DDB39731D64A53900909CD6 /* PruchaseCarAnimationTests.xctest */;
			productType = "com.apple.product-type.bundle.unit-test";
		};
/* End PBXNativeTarget section */

/* Begin PBXProject section */
		3DDB39521D64A53900909CD6 /* Project object */ = {
			isa = PBXProject;
			attributes = {
				LastUpgradeCheck = 0730;
				ORGANIZATIONNAME = com.demo.;
				TargetAttributes = {
					3DDB39591D64A53900909CD6 = {
						CreatedOnToolsVersion = 7.3;
					};
					3DDB39721D64A53900909CD6 = {
						CreatedOnToolsVersion = 7.3;
						TestTargetID = 3DDB39591D64A53900909CD6;
					};
				};
			};
			buildConfigurationList = 3DDB39551D64A53900909CD6 /* Build configuration list for PBXProject "PruchaseCarAnimation" */;
			compatibilityVersion = "Xcode 3.2";
			developmentRegion = English;
			hasScannedForEncodings = 0;
			knownRegions = (
				en,
				Base,
			);
			mainGroup = 3DDB39511D64A53900909CD6;
			productRefGroup = 3DDB395B1D64A53900909CD6 /* Products */;
			projectDirPath = "";
			projectRoot = "";
			targets = (
				3DDB39591D64A53900909CD6 /* PruchaseCarAnimation */,
				3DDB39721D64A53900909CD6 /* PruchaseCarAnimationTests */,
			);
		};
/* End PBXProject section */

/* Begin PBXResourcesBuildPhase section */
		3DDB39581D64A53900909CD6 /* Resources */ = {
			isa = PBXResourcesBuildPhase;
			buildActionMask = 2147483647;
			files = (
				3DDB396D1D64A53900909CD6 /* LaunchScreen.storyboard in Resources */,
				3D80F8821D64C8CA00E1E8E6 /* TableViewCell.xib in Resources */,
				3DDB396A1D64A53900909CD6 /* Assets.xcassets in Resources */,
				3DDB39681D64A53900909CD6 /* Main.storyboard in Resources */,
			);
			runOnlyForDeploymentPostprocessing = 0;
		};
		3DDB39711D64A53900909CD6 /* Resources */ = {
			isa = PBXResourcesBuildPhase;
			buildActionMask = 2147483647;
			files = (
			);
			runOnlyForDeploymentPostprocessing = 0;
		};
/* End PBXResourcesBuildPhase section */

/* Begin PBXSourcesBuildPhase section */
		3DDB39561D64A53900909CD6 /* Sources */ = {
			isa = PBXSourcesBuildPhase;
			buildActionMask = 2147483647;
			files = (
				3DDB39841D64A7F900909CD6 /* PurchaseCarAnimationTool.m in Sources */,
				3DDB39651D64A53900909CD6 /* ViewController.m in Sources */,
				3DDB39621D64A53900909CD6 /* AppDelegate.m in Sources */,
				3D80F8811D64C8CA00E1E8E6 /* TableViewCell.m in Sources */,
				3DDB395F1D64A53900909CD6 /* main.m in Sources */,
			);
			runOnlyForDeploymentPostprocessing = 0;
		};
		3DDB396F1D64A53900909CD6 /* Sources */ = {
			isa = PBXSourcesBuildPhase;
			buildActionMask = 2147483647;
			files = (
				3DDB39781D64A53900909CD6 /* PruchaseCarAnimationTests.m in Sources */,
			);
			runOnlyForDeploymentPostprocessing = 0;
		};
/* End PBXSourcesBuildPhase section */

/* Begin PBXTargetDependency section */
		3DDB39751D64A53900909CD6 /* PBXTargetDependency */ = {
			isa = PBXTargetDependency;
			target = 3DDB39591D64A53900909CD6 /* PruchaseCarAnimation */;
			targetProxy = 3DDB39741D64A53900909CD6 /* PBXContainerItemProxy */;
		};
/* End PBXTargetDependency section */

/* Begin PBXVariantGroup section */
		3DDB39661D64A53900909CD6 /* Main.storyboard */ = {
			isa = PBXVariantGroup;
			children = (
				3DDB39671D64A53900909CD6 /* Base */,
			);
			name = Main.storyboard;
			sourceTree = "<group>";
		};
		3DDB396B1D64A53900909CD6 /* LaunchScreen.storyboard */ = {
			isa = PBXVariantGroup;
			children = (
				3DDB396C1D64A53900909CD6 /* Base */,
			);
			name = LaunchScreen.storyboard;
			sourceTree = "<group>";
		};
/* End PBXVariantGroup section */

/* Begin XCBuildConfiguration section */
		3DDB397A1D64A53900909CD6 /* Debug */ = {
			isa = XCBuildConfiguration;
			buildSettings = {
				ALWAYS_SEARCH_USER_PATHS = NO;
				CLANG_ANALYZER_NONNULL = YES;
				CLANG_CXX_LANGUAGE_STANDARD = "gnu++0x";
				CLANG_CXX_LIBRARY = "libc++";
				CLANG_ENABLE_MODULES = YES;
				CLANG_ENABLE_OBJC_ARC = YES;
				CLANG_WARN_BOOL_CONVERSION = YES;
				CLANG_WARN_CONSTANT_CONVERSION = YES;
				CLANG_WARN_DIRECT_OBJC_ISA_USAGE = YES_ERROR;
				CLANG_WARN_EMPTY_BODY = YES;
				CLANG_WARN_ENUM_CONVERSION = YES;
				CLANG_WARN_INT_CONVERSION = YES;
				CLANG_WARN_OBJC_ROOT_CLASS = YES_ERROR;
				CLANG_WARN_UNREACHABLE_CODE = YES;
				CLANG_WARN__DUPLICATE_METHOD_MATCH = YES;
				"CODE_SIGN_IDENTITY[sdk=iphoneos*]" = "iPhone Developer";
				COPY_PHASE_STRIP = NO;
				DEBUG_INFORMATION_FORMAT = dwarf;
				ENABLE_STRICT_OBJC_MSGSEND = YES;
				ENABLE_TESTABILITY = YES;
				GCC_C_LANGUAGE_STANDARD = gnu99;
				GCC_DYNAMIC_NO_PIC = NO;
				GCC_NO_COMMON_BLOCKS = YES;
				GCC_OPTIMIZATION_LEVEL = 0;
				GCC_PREPROCESSOR_DEFINITIONS = (
					"DEBUG=1",
					"$(inherited)",
				);
				GCC_WARN_64_TO_32_BIT_CONVERSION = YES;
				GCC_WARN_ABOUT_RETURN_TYPE = YES_ERROR;
				GCC_WARN_UNDECLARED_SELECTOR = YES;
				GCC_WARN_UNINITIALIZED_AUTOS = YES_AGGRESSIVE;
				GCC_WARN_UNUSED_FUNCTION = YES;
				GCC_WARN_UNUSED_VARIABLE = YES;
				IPHONEOS_DEPLOYMENT_TARGET = 9.3;
				MTL_ENABLE_DEBUG_INFO = YES;
				ONLY_ACTIVE_ARCH = YES;
				SDKROOT = iphoneos;
			};
			name = Debug;
		};
		3DDB397B1D64A53900909CD6 /* Release */ = {
			isa = XCBuildConfiguration;
			buildSettings = {
				ALWAYS_SEARCH_USER_PATHS = NO;
				CLANG_ANALYZER_NONNULL = YES;
				CLANG_CXX_LANGUAGE_STANDARD = "gnu++0x";
				CLANG_CXX_LIBRARY = "libc++";
				CLANG_ENABLE_MODULES = YES;
				CLANG_ENABLE_OBJC_ARC = YES;
				CLANG_WARN_BOOL_CONVERSION = YES;
				CLANG_WARN_CONSTANT_CONVERSION = YES;
				CLANG_WARN_DIRECT_OBJC_ISA_USAGE = YES_ERROR;
				CLANG_WARN_EMPTY_BODY = YES;
				CLANG_WARN_ENUM_CONVERSION = YES;
				CLANG_WARN_INT_CONVERSION = YES;
				CLANG_WARN_OBJC_ROOT_CLASS = YES_ERROR;
				CLANG_WARN_UNREACHABLE_CODE = YES;
				CLANG_WARN__DUPLICATE_METHOD_MATCH = YES;
				"CODE_SIGN_IDENTITY[sdk=iphoneos*]" = "iPhone Developer";
				COPY_PHASE_STRIP = NO;
				DEBUG_INFORMATION_FORMAT = "dwarf-with-dsym";
				ENABLE_NS_ASSERTIONS = NO;
				ENABLE_STRICT_OBJC_MSGSEND = YES;
				GCC_C_LANGUAGE_STANDARD = gnu99;
				GCC_NO_COMMON_BLOCKS = YES;
				GCC_WARN_64_TO_32_BIT_CONVERSION = YES;
				GCC_WARN_ABOUT_RETURN_TYPE = YES_ERROR;
				GCC_WARN_UNDECLARED_SELECTOR = YES;
				GCC_WARN_UNINITIALIZED_AUTOS = YES_AGGRESSIVE;
				GCC_WARN_UNUSED_FUNCTION = YES;
				GCC_WARN_UNUSED_VARIABLE = YES;
				IPHONEOS_DEPLOYMENT_TARGET = 9.3;
				MTL_ENABLE_DEBUG_INFO = NO;
				SDKROOT = iphoneos;
				VALIDATE_PRODUCT = YES;
			};
			name = Release;
		};
		3DDB397D1D64A53900909CD6 /* Debug */ = {
			isa = XCBuildConfiguration;
			buildSettings = {
				ASSETCATALOG_COMPILER_APPICON_NAME = AppIcon;
				INFOPLIST_FILE = PruchaseCarAnimation/Info.plist;
				LD_RUNPATH_SEARCH_PATHS = "$(inherited) @executable_path/Frameworks";
				PRODUCT_BUNDLE_IDENTIFIER = com.lnl.PruchaseCarAnimation;
				PRODUCT_NAME = "$(TARGET_NAME)";
			};
			name = Debug;
		};
		3DDB397E1D64A53900909CD6 /* Release */ = {
			isa = XCBuildConfiguration;
			buildSettings = {
				ASSETCATALOG_COMPILER_APPICON_NAME = AppIcon;
				INFOPLIST_FILE = PruchaseCarAnimation/Info.plist;
				LD_RUNPATH_SEARCH_PATHS = "$(inherited) @executable_path/Frameworks";
				PRODUCT_BUNDLE_IDENTIFIER = com.lnl.PruchaseCarAnimation;
				PRODUCT_NAME = "$(TARGET_NAME)";
			};
			name = Release;
		};
		3DDB39801D64A53900909CD6 /* Debug */ = {
			isa = XCBuildConfiguration;
			buildSettings = {
				BUNDLE_LOADER = "$(TEST_HOST)";
				INFOPLIST_FILE = PruchaseCarAnimationTests/Info.plist;
				LD_RUNPATH_SEARCH_PATHS = "$(inherited) @executable_path/Frameworks @loader_path/Frameworks";
				PRODUCT_BUNDLE_IDENTIFIER = com.lnl.PruchaseCarAnimationTests;
				PRODUCT_NAME = "$(TARGET_NAME)";
				TEST_HOST = "$(BUILT_PRODUCTS_DIR)/PruchaseCarAnimation.app/PruchaseCarAnimation";
			};
			name = Debug;
		};
		3DDB39811D64A53900909CD6 /* Release */ = {
			isa = XCBuildConfiguration;
			buildSettings = {
				BUNDLE_LOADER = "$(TEST_HOST)";
				INFOPLIST_FILE = PruchaseCarAnimationTests/Info.plist;
				LD_RUNPATH_SEARCH_PATHS = "$(inherited) @executable_path/Frameworks @loader_path/Frameworks";
				PRODUCT_BUNDLE_IDENTIFIER = com.lnl.PruchaseCarAnimationTests;
				PRODUCT_NAME = "$(TARGET_NAME)";
				TEST_HOST = "$(BUILT_PRODUCTS_DIR)/PruchaseCarAnimation.app/PruchaseCarAnimation";
			};
			name = Release;
		};
/* End XCBuildConfiguration section */

/* Begin XCConfigurationList section */
		3DDB39551D64A53900909CD6 /* Build configuration list for PBXProject "PruchaseCarAnimation" */ = {
			isa = XCConfigurationList;
			buildConfigurations = (
				3DDB397A1D64A53900909CD6 /* Debug */,
				3DDB397B1D64A53900909CD6 /* Release */,
			);
			defaultConfigurationIsVisible = 0;
			defaultConfigurationName = Release;
		};
		3DDB397C1D64A53900909CD6 /* Build configuration list for PBXNativeTarget "PruchaseCarAnimation" */ = {
			isa = XCConfigurationList;
			buildConfigurations = (
				3DDB397D1D64A53900909CD6 /* Debug */,
				3DDB397E1D64A53900909CD6 /* Release */,
			);
			defaultConfigurationIsVisible = 0;
			defaultConfigurationName = Release;
		};
		3DDB397F1D64A53900909CD6 /* Build configuration list for PBXNativeTarget "PruchaseCarAnimationTests" */ = {
			isa = XCConfigurationList;
			buildConfigurations = (
				3DDB39801D64A53900909CD6 /* Debug */,
				3DDB39811D64A53900909CD6 /* Release */,
			);
			defaultConfigurationIsVisible = 0;
			defaultConfigurationName = Release;
		};
/* End XCConfigurationList section */
	};
	rootObject = 3DDB39521D64A53900909CD6 /* Project object */;
}
